// !$*UTF8*$!
{
	archiveVersion = 1;
	classes = {
	};
	objectVersion = 48;
	objects = {

/* Begin PBXBuildFile section */
		467763C31FA206EA00D6FB7C /* AppDelegate.swift in Sources */ = {isa = PBXBuildFile; fileRef = 467763C21FA206EA00D6FB7C /* AppDelegate.swift */; };
		467763C51FA206EA00D6FB7C /* ViewController.swift in Sources */ = {isa = PBXBuildFile; fileRef = 467763C41FA206EA00D6FB7C /* ViewController.swift */; };
		467763C81FA206EA00D6FB7C /* Main.storyboard in Resources */ = {isa = PBXBuildFile; fileRef = 467763C61FA206EA00D6FB7C /* Main.storyboard */; };
		467763CA1FA206EA00D6FB7C /* Assets.xcassets in Resources */ = {isa = PBXBuildFile; fileRef = 467763C91FA206EA00D6FB7C /* Assets.xcassets */; };
		467763CD1FA206EA00D6FB7C /* LaunchScreen.storyboard in Resources */ = {isa = PBXBuildFile; fileRef = 467763CB1FA206EA00D6FB7C /* LaunchScreen.storyboard */; };
/* End PBXBuildFile section */

/* Begin PBXFileReference section */
		467763BF1FA206EA00D6FB7C /* FinalProjectUdacity.app */ = {isa = PBXFileReference; explicitFileType = wrapper.application; includeInIndex = 0; path = FinalProjectUdacity.app; sourceTree = BUILT_PRODUCTS_DIR; };
		467763C21FA206EA00D6FB7C /* AppDelegate.swift */ = {isa = PBXFileReference; lastKnownFileType = sourcecode.swift; path = AppDelegate.swift; sourceTree = "<group>"; };
		467763C41FA206EA00D6FB7C /* ViewController.swift */ = {isa = PBXFileReference; lastKnownFileType = sourcecode.swift; path = ViewController.swift; sourceTree = "<group>"; };
		467763C71FA206EA00D6FB7C /* Base */ = {isa = PBXFileReference; lastKnownFileType = file.storyboard; name = Base; path = Base.lproj/Main.storyboard; sourceTree = "<group>"; };
		467763C91FA206EA00D6FB7C /* Assets.xcassets */ = {isa = PBXFileReference; lastKnownFileType = folder.assetcatalog; path = Assets.xcassets; sourceTree = "<group>"; };
		467763CC1FA206EA00D6FB7C /* Base */ = {isa = PBXFileReference; lastKnownFileType = file.storyboard; name = Base; path = Base.lproj/LaunchScreen.storyboard; sourceTree = "<group>"; };
		467763CE1FA206EA00D6FB7C /* Info.plist */ = {isa = PBXFileReference; lastKnownFileType = text.plist.xml; path = Info.plist; sourceTree = "<group>"; };
/* End PBXFileReference section */

/* Begin PBXFrameworksBuildPhase section */
		467763BC1FA206EA00D6FB7C /* Frameworks */ = {
			isa = PBXFrameworksBuildPhase;
			buildActionMask = 2147483647;
			files = (
			);
			runOnlyForDeploymentPostprocessing = 0;
		};
/* End PBXFrameworksBuildPhase section */

/* Begin PBXGroup section */
		467763B61FA206EA00D6FB7C = {
			isa = PBXGroup;
			children = (
				467763C11FA206EA00D6FB7C /* FinalProjectUdacity */,
				467763C01FA206EA00D6FB7C /* Products */,
			);
			sourceTree = "<group>";
		};
		467763C01FA206EA00D6FB7C /* Products */ = {
			isa = PBXGroup;
			children = (
				467763BF1FA206EA00D6FB7C /* FinalProjectUdacity.app */,
			);
			name = Products;
			sourceTree = "<group>";
		};
		467763C11FA206EA00D6FB7C /* FinalProjectUdacity */ = {
			isa = PBXGroup;
			children = (
				467763C21FA206EA00D6FB7C /* AppDelegate.swift */,
				467763C41FA206EA00D6FB7C /* ViewController.swift */,
				467763C61FA206EA00D6FB7C /* Main.storyboard */,
				467763C91FA206EA00D6FB7C /* Assets.xcassets */,
				467763CB1FA206EA00D6FB7C /* LaunchScreen.storyboard */,
				467763CE1FA206EA00D6FB7C /* Info.plist */,
			);
			path = FinalProjectUdacity;
			sourceTree = "<group>";
		};
/* End PBXGroup section */

/* Begin PBXNativeTarget section */
		467763BE1FA206EA00D6FB7C /* FinalProjectUdacity */ = {
			isa = PBXNativeTarget;
			buildConfigurationList = 467763D11FA206EA00D6FB7C /* Build configuration list for PBXNativeTarget "FinalProjectUdacity" */;
			buildPhases = (
				467763BB1FA206EA00D6FB7C /* Sources */,
				467763BC1FA206EA00D6FB7C /* Frameworks */,
				467763BD1FA206EA00D6FB7C /* Resources */,
			);
			buildRules = (
			);
			dependencies = (
			);
			name = FinalProjectUdacity;
			productName = FinalProjectUdacity;
			productReference = 467763BF1FA206EA00D6FB7C /* FinalProjectUdacity.app */;
			productType = "com.apple.product-type.application";
		};
/* End PBXNativeTarget section */

/* Begin PBXProject section */
		467763B71FA206EA00D6FB7C /* Project object */ = {
			isa = PBXProject;
			attributes = {
				LastSwiftUpdateCheck = 0900;
				LastUpgradeCheck = 0900;
				ORGANIZATIONNAME = "Abel George";
				TargetAttributes = {
					467763BE1FA206EA00D6FB7C = {
						CreatedOnToolsVersion = 9.0.1;
						ProvisioningStyle = Automatic;
					};
				};
			};
			buildConfigurationList = 467763BA1FA206EA00D6FB7C /* Build configuration list for PBXProject "FinalProjectUdacity" */;
			compatibilityVersion = "Xcode 8.0";
			developmentRegion = en;
			hasScannedForEncodings = 0;
			knownRegions = (
				en,
				Base,
			);
			mainGroup = 467763B61FA206EA00D6FB7C;
			productRefGroup = 467763C01FA206EA00D6FB7C /* Products */;
			projectDirPath = "";
			projectRoot = "";
			targets = (
				467763BE1FA206EA00D6FB7C /* FinalProjectUdacity */,
			);
		};
/* End PBXProject section */

/* Begin PBXResourcesBuildPhase section */
		467763BD1FA206EA00D6FB7C /* Resources */ = {
			isa = PBXResourcesBuildPhase;
			buildActionMask = 2147483647;
			files = (
				467763CD1FA206EA00D6FB7C /* LaunchScreen.storyboard in Resources */,
				467763CA1FA206EA00D6FB7C /* Assets.xcassets in Resources */,
				467763C81FA206EA00D6FB7C /* Main.storyboard in Resources */,
			);
			runOnlyForDeploymentPostprocessing = 0;
		};
/* End PBXResourcesBuildPhase section */

/* Begin PBXSourcesBuildPhase section */
		467763BB1FA206EA00D6FB7C /* Sources */ = {
			isa = PBXSourcesBuildPhase;
			buildActionMask = 2147483647;
			files = (
				467763C51FA206EA00D6FB7C /* ViewController.swift in Sources */,
				467763C31FA206EA00D6FB7C /* AppDelegate.swift in Sources */,
			);
			runOnlyForDeploymentPostprocessing = 0;
		};
/* End PBXSourcesBuildPhase section */

/* Begin PBXVariantGroup section */
		467763C61FA206EA00D6FB7C /* Main.storyboard */ = {
			isa = PBXVariantGroup;
			children = (
				467763C71FA206EA00D6FB7C /* Base */,
			);
			name = Main.storyboard;
			sourceTree = "<group>";
		};
		467763CB1FA206EA00D6FB7C /* LaunchScreen.storyboard */ = {
			isa = PBXVariantGroup;
			children = (
				467763CC1FA206EA00D6FB7C /* Base */,
			);
			name = LaunchScreen.storyboard;
			sourceTree = "<group>";
		};
/* End PBXVariantGroup section */

/* Begin XCBuildConfiguration section */
		467763CF1FA206EA00D6FB7C /* Debug */ = {
			isa = XCBuildConfiguration;
			buildSettings = {
				ALWAYS_SEARCH_USER_PATHS = NO;
				CLANG_ANALYZER_NONNULL = YES;
				CLANG_ANALYZER_NUMBER_OBJECT_CONVERSION = YES_AGGRESSIVE;
				CLANG_CXX_LANGUAGE_STANDARD = "gnu++14";
				CLANG_CXX_LIBRARY = "libc++";
				CLANG_ENABLE_MODULES = YES;
				CLANG_ENABLE_OBJC_ARC = YES;
				CLANG_WARN_BLOCK_CAPTURE_AUTORELEASING = YES;
				CLANG_WARN_BOOL_CONVERSION = YES;
				CLANG_WARN_COMMA = YES;
				CLANG_WARN_CONSTANT_CONVERSION = YES;
				CLANG_WARN_DIRECT_OBJC_ISA_USAGE = YES_ERROR;
				CLANG_WARN_DOCUMENTATION_COMMENTS = YES;
				CLANG_WARN_EMPTY_BODY = YES;
				CLANG_WARN_ENUM_CONVERSION = YES;
				CLANG_WARN_INFINITE_RECURSION = YES;
				CLANG_WARN_INT_CONVERSION = YES;
				CLANG_WARN_NON_LITERAL_NULL_CONVERSION = YES;
				CLANG_WARN_OBJC_LITERAL_CONVERSION = YES;
				CLANG_WARN_OBJC_ROOT_CLASS = YES_ERROR;
				CLANG_WARN_RANGE_LOOP_ANALYSIS = YES;
				CLANG_WARN_STRICT_PROTOTYPES = YES;
				CLANG_WARN_SUSPICIOUS_MOVE = YES;
				CLANG_WARN_UNGUARDED_AVAILABILITY = YES_AGGRESSIVE;
				CLANG_WARN_UNREACHABLE_CODE = YES;
				CLANG_WARN__DUPLICATE_METHOD_MATCH = YES;
				CODE_SIGN_IDENTITY = "iPhone Developer";
				COPY_PHASE_STRIP = NO;
				DEBUG_INFORMATION_FORMAT = dwarf;
				ENABLE_STRICT_OBJC_MSGSEND = YES;
				ENABLE_TESTABILITY = YES;
				GCC_C_LANGUAGE_STANDARD = gnu11;
				GCC_DYNAMIC_NO_PIC = NO;
				GCC_NO_COMMON_BLOCKS = YES;
				GCC_OPTIMIZATION_LEVEL = 0;
				GCC_PREPROCESSOR_DEFINITIONS = (
					"DEBUG=1",
					"$(inherited)",
				);
				GCC_WARN_64_TO_32_BIT_CONVERSION = YES;
				GCC_WARN_ABOUT_RETURN_TYPE = YES_ERROR;
				GCC_WARN_UNDECLARED_SELECTOR = YES;
				GCC_WARN_UNINITIALIZED_AUTOS = YES_AGGRESSIVE;
				GCC_WARN_UNUSED_FUNCTION = YES;
				GCC_WARN_UNUSED_VARIABLE = YES;
				IPHONEOS_DEPLOYMENT_TARGET = 11.0;
				MTL_ENABLE_DEBUG_INFO = YES;
				ONLY_ACTIVE_ARCH = YES;
				SDKROOT = iphoneos;
				SWIFT_ACTIVE_COMPILATION_CONDITIONS = DEBUG;
				SWIFT_OPTIMIZATION_LEVEL = "-Onone";
			};
			name = Debug;
		};
		467763D01FA206EA00D6FB7C /* Release */ = {
			isa = XCBuildConfiguration;
			buildSettings = {
				ALWAYS_SEARCH_USER_PATHS = NO;
				CLANG_ANALYZER_NONNULL = YES;
				CLANG_ANALYZER_NUMBER_OBJECT_CONVERSION = YES_AGGRESSIVE;
				CLANG_CXX_LANGUAGE_STANDARD = "gnu++14";
				CLANG_CXX_LIBRARY = "libc++";
				CLANG_ENABLE_MODULES = YES;
				CLANG_ENABLE_OBJC_ARC = YES;
				CLANG_WARN_BLOCK_CAPTURE_AUTORELEASING = YES;
				CLANG_WARN_BOOL_CONVERSION = YES;
				CLANG_WARN_COMMA = YES;
				CLANG_WARN_CONSTANT_CONVERSION = YES;
				CLANG_WARN_DIRECT_OBJC_ISA_USAGE = YES_ERROR;
				CLANG_WARN_DOCUMENTATION_COMMENTS = YES;
				CLANG_WARN_EMPTY_BODY = YES;
				CLANG_WARN_ENUM_CONVERSION = YES;
				CLANG_WARN_INFINITE_RECURSION = YES;
				CLANG_WARN_INT_CONVERSION = YES;
				CLANG_WARN_NON_LITERAL_NULL_CONVERSION = YES;
				CLANG_WARN_OBJC_LITERAL_CONVERSION = YES;
				CLANG_WARN_OBJC_ROOT_CLASS = YES_ERROR;
				CLANG_WARN_RANGE_LOOP_ANALYSIS = YES;
				CLANG_WARN_STRICT_PROTOTYPES = YES;
				CLANG_WARN_SUSPICIOUS_MOVE = YES;
				CLANG_WARN_UNGUARDED_AVAILABILITY = YES_AGGRESSIVE;
				CLANG_WARN_UNREACHABLE_CODE = YES;
				CLANG_WARN__DUPLICATE_METHOD_MATCH = YES;
				CODE_SIGN_IDENTITY = "iPhone Developer";
				COPY_PHASE_STRIP = NO;
				DEBUG_INFORMATION_FORMAT = "dwarf-with-dsym";
				ENABLE_NS_ASSERTIONS = NO;
				ENABLE_STRICT_OBJC_MSGSEND = YES;
				GCC_C_LANGUAGE_STANDARD = gnu11;
				GCC_NO_COMMON_BLOCKS = YES;
				GCC_WARN_64_TO_32_BIT_CONVERSION = YES;
				GCC_WARN_ABOUT_RETURN_TYPE = YES_ERROR;
				GCC_WARN_UNDECLARED_SELECTOR = YES;
				GCC_WARN_UNINITIALIZED_AUTOS = YES_AGGRESSIVE;
				GCC_WARN_UNUSED_FUNCTION = YES;
				GCC_WARN_UNUSED_VARIABLE = YES;
				IPHONEOS_DEPLOYMENT_TARGET = 11.0;
				MTL_ENABLE_DEBUG_INFO = NO;
				SDKROOT = iphoneos;
				SWIFT_OPTIMIZATION_LEVEL = "-Owholemodule";
				VALIDATE_PRODUCT = YES;
			};
			name = Release;
		};
		467763D21FA206EA00D6FB7C /* Debug */ = {
			isa = XCBuildConfiguration;
			buildSettings = {
				ASSETCATALOG_COMPILER_APPICON_NAME = AppIcon;
				CODE_SIGN_STYLE = Automatic;
				DEVELOPMENT_TEAM = G725FVUK8X;
				INFOPLIST_FILE = FinalProjectUdacity/Info.plist;
				LD_RUNPATH_SEARCH_PATHS = "$(inherited) @executable_path/Frameworks";
				PRODUCT_BUNDLE_IDENTIFIER = abelgeorge.FinalProjectUdacity;
				PRODUCT_NAME = "$(TARGET_NAME)";
				SWIFT_VERSION = 4.0;
				TARGETED_DEVICE_FAMILY = "1,2";
			};
			name = Debug;
		};
		467763D31FA206EA00D6FB7C /* Release */ = {
			isa = XCBuildConfiguration;
			buildSettings = {
				ASSETCATALOG_COMPILER_APPICON_NAME = AppIcon;
				CODE_SIGN_STYLE = Automatic;
				DEVELOPMENT_TEAM = G725FVUK8X;
				INFOPLIST_FILE = FinalProjectUdacity/Info.plist;
				LD_RUNPATH_SEARCH_PATHS = "$(inherited) @executable_path/Frameworks";
				PRODUCT_BUNDLE_IDENTIFIER = abelgeorge.FinalProjectUdacity;
				PRODUCT_NAME = "$(TARGET_NAME)";
				SWIFT_VERSION = 4.0;
				TARGETED_DEVICE_FAMILY = "1,2";
			};
			name = Release;
		};
/* End XCBuildConfiguration section */

/* Begin XCConfigurationList section */
		467763BA1FA206EA00D6FB7C /* Build configuration list for PBXProject "FinalProjectUdacity" */ = {
			isa = XCConfigurationList;
			buildConfigurations = (
				467763CF1FA206EA00D6FB7C /* Debug */,
				467763D01FA206EA00D6FB7C /* Release */,
			);
			defaultConfigurationIsVisible = 0;
			defaultConfigurationName = Release;
		};
		467763D11FA206EA00D6FB7C /* Build configuration list for PBXNativeTarget "FinalProjectUdacity" */ = {
			isa = XCConfigurationList;
			buildConfigurations = (
				467763D21FA206EA00D6FB7C /* Debug */,
				467763D31FA206EA00D6FB7C /* Release */,
			);
			defaultConfigurationIsVisible = 0;
			defaultConfigurationName = Release;
		};
/* End XCConfigurationList section */
	};
	rootObject = 467763B71FA206EA00D6FB7C /* Project object */;
}
